{
  "version": 4,
  "terraform_version": "1.14.8",
  "serial": 46,
  "lineage": "f426eb14-12fd-1863-5f7d-5001f078d7e0",
  "outputs": {},
  "resources": [
    {
      "mode": "data",
      "type": "aws_ami",
      "name": "app",
      "provider": "provider[\"registry.terraform.io/hashicorp/aws\"]",
      "instances": [
        {
          "schema_version": 0,
          "attributes": {
            "architecture": "x86_64",
            "arn": "arn:aws:ec2:us-east-1::image/ami-0244b3aa0b9e167c7",
            "block_device_mappings": [
              {
                "device_name": "/dev/xvda",
                "ebs": {
                  "delete_on_termination": "true",
                  "encrypted": "false",
                  "iops": "3000",
                  "snapshot_id": "snap-036231fca8f3e4008",
                  "throughput": "125",
                  "volume_initialization_rate": "0",
                  "volume_size": "2",
                  "volume_type": "gp3"
                },
                "no_device": "",
                "virtual_name": ""
              }
            ],
            "boot_mode": "uefi-preferred",
            "creation_date": "2026-04-29T19:57:21.000Z",
            "deprecation_time": "2026-07-28T20:02:00.000Z",
            "description": "Amazon Linux 2023 AMI 2023.11.20260427.1 x86_64 Minimal HVM kernel-6.18",
            "ena_support": true,
            "executable_users": null,
            "filter": [
              {
                "name": "name",
                "values": [
                  "al2023-ami-*-x86_64"
                ]
              }
            ],
            "hypervisor": "xen",
            "id": "ami-0244b3aa0b9e167c7",
            "image_id": "ami-0244b3aa0b9e167c7",
            "image_location": "amazon/al2023-ami-minimal-2023.11.20260427.1-kernel-6.18-x86_64",
            "image_owner_alias": "amazon",
            "image_type": "machine",
            "imds_support": "v2.0",
            "include_deprecated": false,
            "kernel_id": "",
            "last_launched_time": "",
            "most_recent": true,
            "name": "al2023-ami-minimal-2023.11.20260427.1-kernel-6.18-x86_64",
            "name_regex": null,
            "owner_id": "137112412989",
            "owners": [
              "amazon"
            ],
            "platform": "",
            "platform_details": "Linux/UNIX",
            "product_codes": [],
            "public": true,
            "ramdisk_id": "",
            "root_device_name": "/dev/xvda",
            "root_device_type": "ebs",
            "root_snapshot_id": "snap-036231fca8f3e4008",
            "sriov_net_support": "simple",
            "state": "available",
            "state_reason": {
              "code": "UNSET",
              "message": "UNSET"
            },
            "tags": {},
            "timeouts": null,
            "tpm_support": "",
            "uefi_data": null,
            "usage_operation": "RunInstances",
            "virtualization_type": "hvm"
          },
          "sensitive_attributes": [],
          "identity_schema_version": 0
        }
      ]
    },
    {
      "mode": "data",
      "type": "aws_ec2_instance_type_offerings",
      "name": "available",
      "provider": "provider[\"registry.terraform.io/hashicorp/aws\"]",
      "instances": [
        {
          "schema_version": 0,
          "attributes": {
            "filter": [
              {
                "name": "instance-type",
                "values": [
                  "t3.micro"
                ]
              }
            ],
            "id": "us-east-1",
            "instance_types": [
              "t3.micro",
              "t3.micro",
              "t3.micro",
              "t3.micro",
              "t3.micro"
            ],
            "location_type": "availability-zone",
            "location_types": [
              "availability-zone",
              "availability-zone",
              "availability-zone",
              "availability-zone",
              "availability-zone"
            ],
            "locations": [
              "us-east-1f",
              "us-east-1b",
              "us-east-1d",
              "us-east-1c",
              "us-east-1a"
            ],
            "timeouts": null
          },
          "sensitive_attributes": [],
          "identity_schema_version": 0
        }
      ]
    },
    {
      "mode": "data",
      "type": "aws_subnets",
      "name": "default",
      "provider": "provider[\"registry.terraform.io/hashicorp/aws\"]",
      "instances": [
        {
          "schema_version": 0,
          "attributes": {
            "filter": [
              {
                "name": "availabilityZone",
                "values": [
                  "us-east-1a",
                  "us-east-1b",
                  "us-east-1c",
                  "us-east-1d",
                  "us-east-1f"
                ]
              },
              {
                "name": "vpc-id",
                "values": [
                  "vpc-071226351a2c85c39"
                ]
              }
            ],
            "id": "us-east-1",
            "ids": [
              "subnet-0b6cb27658d2a682a",
              "subnet-045ed1f420b2ec35d",
              "subnet-0511581adc3f27945",
              "subnet-02b53746f08274881",
              "subnet-08036858140ce2e9f"
            ],
            "tags": null,
            "timeouts": null
          },
          "sensitive_attributes": [],
          "identity_schema_version": 0
        }
      ]
    },
    {
      "mode": "data",
      "type": "aws_vpc",
      "name": "default",
      "provider": "provider[\"registry.terraform.io/hashicorp/aws\"]",
      "instances": [
        {
          "schema_version": 0,
          "attributes": {
            "arn": "arn:aws:ec2:us-east-1:050752632489:vpc/vpc-071226351a2c85c39",
            "cidr_block": "172.31.0.0/16",
            "cidr_block_associations": [
              {
                "association_id": "vpc-cidr-assoc-04be2e6e39d5bf02a",
                "cidr_block": "172.31.0.0/16",
                "state": "associated"
              }
            ],
            "default": true,
            "dhcp_options_id": "dopt-0bc2bc11118d5874c",
            "enable_dns_hostnames": true,
            "enable_dns_support": true,
            "enable_network_address_usage_metrics": false,
            "filter": null,
            "id": "vpc-071226351a2c85c39",
            "instance_tenancy": "default",
            "ipv6_association_id": "",
            "ipv6_cidr_block": "",
            "main_route_table_id": "rtb-0f5b127e89e5c8f50",
            "owner_id": "050752632489",
            "state": null,
            "tags": {},
            "timeouts": null
          },
          "sensitive_attributes": [],
          "identity_schema_version": 0
        }
      ]
    },
    {
      "mode": "managed",
      "type": "aws_autoscaling_group",
      "name": "app",
      "provider": "provider[\"registry.terraform.io/hashicorp/aws\"]",
      "instances": [
        {
          "schema_version": 1,
          "attributes": {
            "arn": "arn:aws:autoscaling:us-east-1:050752632489:autoScalingGroup:0e332cf0-0470-4637-8e0d-82623e9e28e6:autoScalingGroupName/simple-tasks-asg",
            "availability_zone_distribution": [
              {
                "capacity_distribution_strategy": "balanced-best-effort"
              }
            ],
            "availability_zones": [
              "us-east-1a",
              "us-east-1b",
              "us-east-1c",
              "us-east-1d",
              "us-east-1f"
            ],
            "capacity_rebalance": false,
            "capacity_reservation_specification": [
              {
                "capacity_reservation_preference": "default",
                "capacity_reservation_target": []
              }
            ],
            "context": "",
            "default_cooldown": 300,
            "default_instance_warmup": 0,
            "desired_capacity": 1,
            "desired_capacity_type": "",
            "enabled_metrics": [],
            "force_delete": false,
            "force_delete_warm_pool": false,
            "health_check_grace_period": 300,
            "health_check_type": "ELB",
            "id": "simple-tasks-asg",
            "ignore_failed_scaling_activities": false,
            "initial_lifecycle_hook": [],
            "instance_maintenance_policy": [],
            "instance_refresh": [],
            "launch_configuration": "",
            "launch_template": [
              {
                "id": "lt-02377780873645dd6",
                "name": "simple-tasks-20260502183201877200000001",
                "version": "$Latest"
              }
            ],
            "load_balancers": [],
            "max_instance_lifetime": 0,
            "max_size": 3,
            "metrics_granularity": "1Minute",
            "min_elb_capacity": null,
            "min_size": 1,
            "mixed_instances_policy": [],
            "name": "simple-tasks-asg",
            "name_prefix": "",
            "placement_group": "",
            "predicted_capacity": 0,
            "protect_from_scale_in": false,
            "service_linked_role_arn": "arn:aws:iam::050752632489:role/aws-service-role/autoscaling.amazonaws.com/AWSServiceRoleForAutoScaling",
            "suspended_processes": [],
            "tag": [
              {
                "key": "Name",
                "propagate_at_launch": true,
                "value": "simple-tasks-app"
              }
            ],
            "target_group_arns": [
              "arn:aws:elasticloadbalancing:us-east-1:050752632489:targetgroup/simple-tasks-tg/5a79a0eed1803e7d"
            ],
            "termination_policies": [],
            "timeouts": null,
            "traffic_source": [
              {
                "identifier": "arn:aws:elasticloadbalancing:us-east-1:050752632489:targetgroup/simple-tasks-tg/5a79a0eed1803e7d",
                "type": "elbv2"
              }
            ],
            "vpc_zone_identifier": [
              "subnet-02b53746f08274881",
              "subnet-045ed1f420b2ec35d",
              "subnet-0511581adc3f27945",
              "subnet-08036858140ce2e9f",
              "subnet-0b6cb27658d2a682a"
            ],
            "wait_for_capacity_timeout": "10m",
            "wait_for_elb_capacity": null,
            "warm_pool": [],
            "warm_pool_size": 0
          },
          "sensitive_attributes": [],
          "identity_schema_version": 0,
          "private": "eyJlMmJmYjczMC1lY2FhLTExZTYtOGY4OC0zNDM2M2JjN2M0YzAiOnsiZGVsZXRlIjo2MDAwMDAwMDAwMDAsInVwZGF0ZSI6NjAwMDAwMDAwMDAwfSwic2NoZW1hX3ZlcnNpb24iOiIxIn0=",
          "dependencies": [
            "aws_launch_template.app",
            "aws_lb_target_group.app",
            "data.aws_ami.app",
            "data.aws_ec2_instance_type_offerings.available",
            "data.aws_subnets.default",
            "data.aws_vpc.default"
          ]
        }
      ]
    },
    {
      "mode": "managed",
      "type": "aws_launch_template",
      "name": "app",
      "provider": "provider[\"registry.terraform.io/hashicorp/aws\"]",
      "instances": [
        {
          "schema_version": 0,
          "attributes": {
            "arn": "arn:aws:ec2:us-east-1:050752632489:launch-template/lt-02377780873645dd6",
            "block_device_mappings": [],
            "capacity_reservation_specification": [],
            "cpu_options": [],
            "credit_specification": [],
            "default_version": 1,
            "description": "",
            "disable_api_stop": false,
            "disable_api_termination": false,
            "ebs_optimized": "",
            "elastic_gpu_specifications": [],
            "elastic_inference_accelerator": [],
            "enclave_options": [],
            "hibernation_options": [],
            "iam_instance_profile": [],
            "id": "lt-02377780873645dd6",
            "image_id": "ami-0244b3aa0b9e167c7",
            "instance_initiated_shutdown_behavior": "",
            "instance_market_options": [],
            "instance_requirements": [],
            "instance_type": "t3.micro",
            "kernel_id": "",
            "key_name": "iitc-lirone",
            "latest_version": 1,
            "license_specification": [],
            "maintenance_options": [],
            "metadata_options": [],
            "monitoring": [],
            "name": "simple-tasks-20260502183201877200000001",
            "name_prefix": "simple-tasks-",
            "network_interfaces": [],
            "placement": [],
            "private_dns_name_options": [],
            "ram_disk_id": "",
            "security_group_names": [],
            "tag_specifications": [
              {
                "resource_type": "instance",
                "tags": {
                  "Name": "simple-tasks-app"
                }
              }
            ],
            "tags": {},
            "tags_all": {},
            "update_default_version": null,
            "user_data": "IyEvYmluL2Jhc2gKc2V0IC1lCgojID09PSBDT05GSUcgPT09ClJFUE9fVVJMPSJodHRwczovL2dpdGh1Yi5jb20vTGlyb25lRml0b3Vzc2kvc2ltcGxlLXRhc2tzLWFwcC5naXQiCkJSQU5DSD0ibWFpbiIKQVBQX0RJUj0iL2FwcCIKQkFDS0VORF9TVUJESVI9ImJhY2tlbmQiCgojID09PSBMT0dHSU5HID09PQpleGVjID4gL3Zhci9sb2cvdXNlci1kYXRhLmxvZyAyPiYxCgplY2hvICI9PT0gU1RBUlRJTkcgREVQTE9ZTUVOVCA9PT0iCgojID09PSBTWVNURU0gU0VUVVAgPT09CmVjaG8gIldhaXRpbmcgZm9yIHBhY2thZ2UgbWFuYWdlciBsb2NrLi4uIgoKd2hpbGUgcGdyZXAgLXggZG5mID4vZGV2L251bGw7IGRvCiAgZWNobyAiUGFja2FnZSBtYW5hZ2VyIGlzIHJ1bm5pbmcsIHdhaXRpbmcuLi4iCiAgc2xlZXAgNQpkb25lCgpkbmYgdXBkYXRlIC15CmRuZiBpbnN0YWxsIC15IGdpdAoKIyA9PT0gSU5TVEFMTCBOT0RFIChOb2RlU291cmNlIExUUykgPT09CmN1cmwgLWZzU0wgaHR0cHM6Ly9ycG0ubm9kZXNvdXJjZS5jb20vc2V0dXBfbHRzLnggfCBiYXNoIC0KZG5mIGluc3RhbGwgLXkgbm9kZWpzCgojID09PSBHTE9CQUwgVE9PTFMgPT09Cm5wbSBpbnN0YWxsIC1nIHBtMgoKIyA9PT0gQ0xPTkUgUkVQTyA9PT0KY2QgL3RtcApnaXQgY2xvbmUgLWIgJEJSQU5DSCAkUkVQT19VUkwgcmVwbwoKIyA9PT0gUFJFUEFSRSBBUFAgPT09CnJtIC1yZiAkQVBQX0RJUgpta2RpciAtcCAkQVBQX0RJUgpjcCAtciAvdG1wL3JlcG8vJEJBQ0tFTkRfU1VCRElSLyogJEFQUF9ESVIKCmNkICRBUFBfRElSCgojID09PSBJTlNUQUxMICYgQlVJTEQgPT09Cm5wbSBpbnN0YWxsCgppZiBncmVwIC1xICJcImJ1aWxkXCIiIHBhY2thZ2UuanNvbjsgdGhlbgogIG5wbSBydW4gYnVpbGQKZmkKCiMgPT09IFJVTiBBUFAgPT09CnBtMiBzdGFydCBucG0gLS1uYW1lIGJhY2tlbmQtYXBwIC0tIHN0YXJ0CnBtMiBzYXZlCnBtMiBzdGFydHVwIHN5c3RlbWQgLXUgcm9vdCAtLWhwIC9yb290CgplY2hvICI9PT0gREVQTE9ZTUVOVCBDT01QTEVURSA9PT0iCg==",
            "vpc_security_group_ids": [
              "sg-0a9707fb4465b08af"
            ]
          },
          "sensitive_attributes": [],
          "identity_schema_version": 0,
          "private": "bnVsbA==",
          "dependencies": [
            "data.aws_ami.app"
          ]
        }
      ]
    },
    {
      "mode": "managed",
      "type": "aws_lb_target_group",
      "name": "app",
      "provider": "provider[\"registry.terraform.io/hashicorp/aws\"]",
      "instances": [
        {
          "schema_version": 0,
          "attributes": {
            "arn": "arn:aws:elasticloadbalancing:us-east-1:050752632489:targetgroup/simple-tasks-tg/5a79a0eed1803e7d",
            "arn_suffix": "targetgroup/simple-tasks-tg/5a79a0eed1803e7d",
            "connection_termination": null,
            "deregistration_delay": "300",
            "health_check": [
              {
                "enabled": true,
                "healthy_threshold": 2,
                "interval": 30,
                "matcher": "200",
                "path": "/health",
                "port": "traffic-port",
                "protocol": "HTTP",
                "timeout": 5,
                "unhealthy_threshold": 3
              }
            ],
            "id": "arn:aws:elasticloadbalancing:us-east-1:050752632489:targetgroup/simple-tasks-tg/5a79a0eed1803e7d",
            "ip_address_type": "ipv4",
            "lambda_multi_value_headers_enabled": false,
            "load_balancer_arns": [
              "arn:aws:elasticloadbalancing:us-east-1:050752632489:loadbalancer/app/simple-tasks-alb/abb1395141a43e9e"
            ],
            "load_balancing_algorithm_type": "round_robin",
            "load_balancing_anomaly_mitigation": "off",
            "load_balancing_cross_zone_enabled": "use_load_balancer_configuration",
            "name": "simple-tasks-tg",
            "name_prefix": "",
            "port": 80,
            "preserve_client_ip": null,
            "protocol": "HTTP",
            "protocol_version": "HTTP1",
            "proxy_protocol_v2": false,
            "slow_start": 0,
            "stickiness": [
              {
                "cookie_duration": 86400,
                "cookie_name": "",
                "enabled": false,
                "type": "lb_cookie"
              }
            ],
            "tags": {
              "Name": "simple-tasks-tg"
            },
            "tags_all": {
              "Name": "simple-tasks-tg"
            },
            "target_failover": [
              {
                "on_deregistration": null,
                "on_unhealthy": null
              }
            ],
            "target_group_health": [
              {
                "dns_failover": [
                  {
                    "minimum_healthy_targets_count": "1",
                    "minimum_healthy_targets_percentage": "off"
                  }
                ],
                "unhealthy_state_routing": [
                  {
                    "minimum_healthy_targets_count": 1,
                    "minimum_healthy_targets_percentage": "off"
                  }
                ]
              }
            ],
            "target_health_state": [
              {
                "enable_unhealthy_connection_termination": null,
                "unhealthy_draining_interval": null
              }
            ],
            "target_type": "instance",
            "vpc_id": "vpc-071226351a2c85c39"
          },
          "sensitive_attributes": [],
          "identity_schema_version": 0,
          "private": "bnVsbA==",
          "dependencies": [
            "data.aws_vpc.default"
          ]
        }
      ]
    }
  ],
  "check_results": null
}
